<?xml version="1.0" encoding="utf-8"?>
<Project ToolsVersion="4.0" xmlns="http://schemas.microsoft.com/developer/msbuild/2003">
  <ItemGroup>
    <Filter Include="GUI">
      <UniqueIdentifier>{6af96694-de0a-4610-b67a-aa752b754a00}</UniqueIdentifier>
    </Filter>
    <Filter Include="Script">
      <UniqueIdentifier>{a441375f-82ce-4a3d-bdcc-f0585351146e}</UniqueIdentifier>
    </Filter>
    <Filter Include="Particles">
      <UniqueIdentifier>{7117952d-3df7-4123-ba48-915a1723fc73}</UniqueIdentifier>
    </Filter>
    <Filter Include="Shaders">
      <UniqueIdentifier>{d465e9e2-5432-4568-88ea-f965793489df}</UniqueIdentifier>
    </Filter>
  </ItemGroup>
  <ItemGroup>
    <ClCompile Include="Camera.cpp" />
    <ClCompile Include="game.cpp" />
    <ClCompile Include="Keyboard.cpp" />
    <ClCompile Include="Light.cpp" />
    <ClCompile Include="Mesh.cpp" />
    <ClCompile Include="Mouse.cpp" />
    <ClCompile Include="Scene.cpp" />
    <ClCompile Include="SceneNode.cpp" />
    <ClCompile Include="Surface.cpp" />
    <ClCompile Include="Texture.cpp" />
    <ClCompile Include="Vertex.cpp" />
    <ClCompile Include="TextNode.cpp">
      <Filter>GUI</Filter>
    </ClCompile>
    <ClCompile Include="RectNode.cpp">
      <Filter>GUI</Filter>
    </ClCompile>
    <ClCompile Include="ImageNode.cpp">
      <Filter>GUI</Filter>
    </ClCompile>
    <ClCompile Include="GUINode.cpp">
      <Filter>GUI</Filter>
    </ClCompile>
    <ClCompile Include="Font.cpp">
      <Filter>GUI</Filter>
    </ClCompile>
    <ClCompile Include="ButtonNode.cpp">
      <Filter>GUI</Filter>
    </ClCompile>
    <ClCompile Include="Shader.cpp" />
  </ItemGroup>
  <ItemGroup>
    <ClInclude Include="Vertex.h" />
    <ClInclude Include="Camera.h" />
    <ClInclude Include="Color.h" />
    <ClInclude Include="Common.h" />
    <ClInclude Include="DebugDrawer.h" />
    <ClInclude Include="Engine.h" />
    <ClInclude Include="Keyboard.h" />
    <ClInclude Include="Light.h" />
    <ClInclude Include="Material.h" />
    <ClInclude Include="Mesh.h" />
    <ClInclude Include="Mouse.h" />
    <ClInclude Include="PickAABB.h" />
    <ClInclude Include="PickObject.h" />
    <ClInclude Include="PickSphere.h" />
    <ClInclude Include="Pivot.h" />
    <ClInclude Include="Quad.h" />
    <ClInclude Include="Renderer.h" />
    <ClInclude Include="RigidBody.h" />
    <ClInclude Include="Scene.h" />
    <ClInclude Include="SceneNode.h" />
    <ClInclude Include="Service.h" />
    <ClInclude Include="Surface.h" />
    <ClInclude Include="Texture.h" />
    <ClInclude Include="Vector4.h" />
    <ClInclude Include="ButtonNode.h">
      <Filter>GUI</Filter>
    </ClInclude>
    <ClInclude Include="ImageNode.h">
      <Filter>GUI</Filter>
    </ClInclude>
    <ClInclude Include="GUINode.h">
      <Filter>GUI</Filter>
    </ClInclude>
    <ClInclude Include="TextNode.h">
      <Filter>GUI</Filter>
    </ClInclude>
    <ClInclude Include="RectNode.h">
      <Filter>GUI</Filter>
    </ClInclude>
    <ClInclude Include="Font.h">
      <Filter>GUI</Filter>
    </ClInclude>
    <ClInclude Include="Scripting.h">
      <Filter>Script</Filter>
    </ClInclude>
    <ClInclude Include="ParticleSystem.h">
      <Filter>Particles</Filter>
    </ClInclude>
    <ClInclude Include="Shader.h" />
  </ItemGroup>
  <ItemGroup>
    <None Include="default.cfg" />
    <None Include="data\shaders\main.fs">
      <Filter>Shaders</Filter>
    </None>
    <None Include="data\shaders\main.vs">
      <Filter>Shaders</Filter>
    </None>
  </ItemGroup>
</Project>